
Microsoft Visual Studio Solution File, Format Version 12.00
# Visual Studio Version 17
VisualStudioVersion = 17.0.31903.59
MinimumVisualStudioVersion = 10.0.40219.1
Project("{FAE04EC0-301F-11D3-BF4B-00C04F79EFBC}") = "API", "API\API.csproj", "{06E8F394-7F2E-4561-B57B-BE3273725312}"
EndProject
Project("{FAE04EC0-301F-11D3-BF4B-00C04F79EFBC}") = "Core", "Core\Core.csproj", "{6D4963B9-193A-44EF-985D-0D97CBEDF12A}"
EndProject
Project("{FAE04EC0-301F-11D3-BF4B-00C04F79EFBC}") = "Infrastructure", "Infrastructure\Infrastructure.csproj", "{C4381B60-23A8-4568-893C-574828EA05E2}"
EndProject
Global
	GlobalSection(SolutionConfigurationPlatforms) = preSolution
		Debug|Any CPU = Debug|Any CPU
		Release|Any CPU = Release|Any CPU
	EndGlobalSection
	GlobalSection(SolutionProperties) = preSolution
		HideSolutionNode = FALSE
	EndGlobalSection
	GlobalSection(ProjectConfigurationPlatforms) = postSolution
		{06E8F394-7F2E-4561-B57B-BE3273725312}.Debug|Any CPU.ActiveCfg = Debug|Any CPU
		{06E8F394-7F2E-4561-B57B-BE3273725312}.Debug|Any CPU.Build.0 = Debug|Any CPU
		{06E8F394-7F2E-4561-B57B-BE3273725312}.Release|Any CPU.ActiveCfg = Release|Any CPU
		{06E8F394-7F2E-4561-B57B-BE3273725312}.Release|Any CPU.Build.0 = Release|Any CPU
		{6D4963B9-193A-44EF-985D-0D97CBEDF12A}.Debug|Any CPU.ActiveCfg = Debug|Any CPU
		{6D4963B9-193A-44EF-985D-0D97CBEDF12A}.Debug|Any CPU.Build.0 = Debug|Any CPU
		{6D4963B9-193A-44EF-985D-0D97CBEDF12A}.Release|Any CPU.ActiveCfg = Release|Any CPU
		{6D4963B9-193A-44EF-985D-0D97CBEDF12A}.Release|Any CPU.Build.0 = Release|Any CPU
		{C4381B60-23A8-4568-893C-574828EA05E2}.Debug|Any CPU.ActiveCfg = Debug|Any CPU
		{C4381B60-23A8-4568-893C-574828EA05E2}.Debug|Any CPU.Build.0 = Debug|Any CPU
		{C4381B60-23A8-4568-893C-574828EA05E2}.Release|Any CPU.ActiveCfg = Release|Any CPU
		{C4381B60-23A8-4568-893C-574828EA05E2}.Release|Any CPU.Build.0 = Release|Any CPU
	EndGlobalSection
EndGlobal
